{
  "name": "spider-avik",
  "version": "1.0.0",
  "lockfileVersion": 3,
  "requires": true,
  "packages": {
    "": {
      "name": "spider-avik",
      "version": "1.0.0",
      "dependencies": {
        "axios": "^1.5.0",
        "cors": "^2.8.5",
        "express": "^4.18.2",
        "form-data": "^4.0.0",
        "multer": "^1.4.5-lts.1"
      }
    },
    "node_modules/asynckit": {
      "version": "0.4.0",
      "resolved": "https://registry.npmjs.org/asynckit/-/asynckit-0.4.0.tar.gz",
      "integrity": "sha512-ox základní..."
    },
    "node_modules/axios": {
      "version": "1.7.9",
      "resolved": "https://registry.npmjs.org/axios/-/axios-1.7.9.tgz",
      "integrity": "sha512-L98cXrajGXURJnMIDSKv4vHAnyG6gxAFGNAOiDG6H26FvKUu4REXpt6LgWTY9LCIZg4fSClThNAASG6moPYTQ=="
    },
    "node_modules/combined-stream": {
      "version": "1.0.8",
      "resolved": "https://registry.npmjs.org/combined-stream/-/combined-stream-1.0.8.tar.gz",
      "integrity": "sha512-FQNIBW+7SVNGAbUAIIjXUsIPiEIjA4rD2cmlM0p0d2h8T+39L9o0bS83aX1P9+sF4vY+9E/0/v9Q=="
    },
    "node_modules/cors": {
      "version": "2.8.5",
      "resolved": "https://registry.npmjs.org/cors/-/cors-2.8.5.tgz",
      "integrity": "sha512-KiHbAI5XRvhqXhGgN3O3W9H7c1vXFsvH51lhj1vF2vIeD/bVwJmN+XkX9O5X9Q=="
    },
    "node_modules/delayed-stream": {
      "version": "1.0.0",
      "resolved": "https://registry.npmjs.org/delayed-stream/-/delayed-stream-1.0.0.tar.gz",
      "integrity": "sha512-qWkCkEdPW2jCtO07O8T4Vj9XmDOrO8E0n+727RzV0b9v7W8vV19"
    },
    "node_modules/express": {
      "version": "4.19.2",
      "resolved": "https://registry.npmjs.org/express/-/express-4.19.2.tgz",
      "integrity": "sha512-..."
    },
    "node_modules/form-data": {
      "version": "4.0.1",
      "resolved": "https://registry.npmjs.org/form-data/-/form-data-4.0.1.tar.gz",
      "integrity": "sha512-..."
    },
    "node_modules/mime-db": {
      "version": "1.52.0",
      "resolved": "https://registry.npmjs.org/mime-db/-/mime-db-1.52.0.tar.gz",
      "integrity": "sha512-..."
    },
    "node_modules/mime-types": {
      "version": "2.1.35",
      "resolved": "https://registry.npmjs.org/mime-types/-/mime-types.join.js"
    },
    "node_modules/multer": {
      "version": "1.4.5-lts.1",
      "resolved": "https://registry.npmjs.org/multer/-/multer-1.4.5-lts.1.tar.gz",
      "integrity": "sha512-..."
    }
  }
}
